// !$*UTF8*$!
{
	archiveVersion = 1;
	classes = {
	};
	objectVersion = 50;
	objects = {

/* Begin PBXBuildFile section */
		BFC7F5D02469E824008D1AA1 /* AppDelegate.swift in Sources */ = {isa = PBXBuildFile; fileRef = BFC7F5CF2469E824008D1AA1 /* AppDelegate.swift */; };
		BFC7F5D22469E824008D1AA1 /* SceneDelegate.swift in Sources */ = {isa = PBXBuildFile; fileRef = BFC7F5D12469E824008D1AA1 /* SceneDelegate.swift */; };
		BFC7F5D72469E824008D1AA1 /* Main.storyboard in Resources */ = {isa = PBXBuildFile; fileRef = BFC7F5D52469E824008D1AA1 /* Main.storyboard */; };
		BFC7F5D92469E825008D1AA1 /* Assets.xcassets in Resources */ = {isa = PBXBuildFile; fileRef = BFC7F5D82469E825008D1AA1 /* Assets.xcassets */; };
		BFC7F5DC2469E825008D1AA1 /* LaunchScreen.storyboard in Resources */ = {isa = PBXBuildFile; fileRef = BFC7F5DA2469E825008D1AA1 /* LaunchScreen.storyboard */; };
		BFC7F5E72469E87C008D1AA1 /* CloudKit.framework in Frameworks */ = {isa = PBXBuildFile; fileRef = BFC7F5E62469E87C008D1AA1 /* CloudKit.framework */; };
		BFC7F5EE2469EA20008D1AA1 /* Entry.swift in Sources */ = {isa = PBXBuildFile; fileRef = BFC7F5ED2469EA20008D1AA1 /* Entry.swift */; };
		BFC7F5F02469F0DF008D1AA1 /* EntryController.swift in Sources */ = {isa = PBXBuildFile; fileRef = BFC7F5EF2469F0DF008D1AA1 /* EntryController.swift */; };
		BFC7F5F32469F33F008D1AA1 /* EntryError.swift in Sources */ = {isa = PBXBuildFile; fileRef = BFC7F5F22469F33F008D1AA1 /* EntryError.swift */; };
		BFC7F5F5246A06BE008D1AA1 /* EntryListTableViewController.swift in Sources */ = {isa = PBXBuildFile; fileRef = BFC7F5F4246A06BE008D1AA1 /* EntryListTableViewController.swift */; };
		BFC7F5F7246A0A34008D1AA1 /* DateExtension.swift in Sources */ = {isa = PBXBuildFile; fileRef = BFC7F5F6246A0A34008D1AA1 /* DateExtension.swift */; };
		BFC7F5F9246A0EC8008D1AA1 /* EntryDetailViewController.swift in Sources */ = {isa = PBXBuildFile; fileRef = BFC7F5F8246A0EC8008D1AA1 /* EntryDetailViewController.swift */; };
/* End PBXBuildFile section */

/* Begin PBXFileReference section */
		BFC7F5CC2469E824008D1AA1 /* Journal - CloudKit.app */ = {isa = PBXFileReference; explicitFileType = wrapper.application; includeInIndex = 0; path = "Journal - CloudKit.app"; sourceTree = BUILT_PRODUCTS_DIR; };
		BFC7F5CF2469E824008D1AA1 /* AppDelegate.swift */ = {isa = PBXFileReference; lastKnownFileType = sourcecode.swift; path = AppDelegate.swift; sourceTree = "<group>"; };
		BFC7F5D12469E824008D1AA1 /* SceneDelegate.swift */ = {isa = PBXFileReference; lastKnownFileType = sourcecode.swift; path = SceneDelegate.swift; sourceTree = "<group>"; };
		BFC7F5D62469E824008D1AA1 /* Base */ = {isa = PBXFileReference; lastKnownFileType = file.storyboard; name = Base; path = Base.lproj/Main.storyboard; sourceTree = "<group>"; };
		BFC7F5D82469E825008D1AA1 /* Assets.xcassets */ = {isa = PBXFileReference; lastKnownFileType = folder.assetcatalog; path = Assets.xcassets; sourceTree = "<group>"; };
		BFC7F5DB2469E825008D1AA1 /* Base */ = {isa = PBXFileReference; lastKnownFileType = file.storyboard; name = Base; path = Base.lproj/LaunchScreen.storyboard; sourceTree = "<group>"; };
		BFC7F5DD2469E825008D1AA1 /* Info.plist */ = {isa = PBXFileReference; lastKnownFileType = text.plist.xml; path = Info.plist; sourceTree = "<group>"; };
		BFC7F5E42469E876008D1AA1 /* Journal - CloudKit.entitlements */ = {isa = PBXFileReference; lastKnownFileType = text.plist.entitlements; path = "Journal - CloudKit.entitlements"; sourceTree = "<group>"; };
		BFC7F5E62469E87C008D1AA1 /* CloudKit.framework */ = {isa = PBXFileReference; lastKnownFileType = wrapper.framework; name = CloudKit.framework; path = System/Library/Frameworks/CloudKit.framework; sourceTree = SDKROOT; };
		BFC7F5ED2469EA20008D1AA1 /* Entry.swift */ = {isa = PBXFileReference; lastKnownFileType = sourcecode.swift; path = Entry.swift; sourceTree = "<group>"; };
		BFC7F5EF2469F0DF008D1AA1 /* EntryController.swift */ = {isa = PBXFileReference; lastKnownFileType = sourcecode.swift; path = EntryController.swift; sourceTree = "<group>"; };
		BFC7F5F22469F33F008D1AA1 /* EntryError.swift */ = {isa = PBXFileReference; lastKnownFileType = sourcecode.swift; path = EntryError.swift; sourceTree = "<group>"; };
		BFC7F5F4246A06BE008D1AA1 /* EntryListTableViewController.swift */ = {isa = PBXFileReference; lastKnownFileType = sourcecode.swift; path = EntryListTableViewController.swift; sourceTree = "<group>"; };
		BFC7F5F6246A0A34008D1AA1 /* DateExtension.swift */ = {isa = PBXFileReference; lastKnownFileType = sourcecode.swift; path = DateExtension.swift; sourceTree = "<group>"; };
		BFC7F5F8246A0EC8008D1AA1 /* EntryDetailViewController.swift */ = {isa = PBXFileReference; lastKnownFileType = sourcecode.swift; path = EntryDetailViewController.swift; sourceTree = "<group>"; };
/* End PBXFileReference section */

/* Begin PBXFrameworksBuildPhase section */
		BFC7F5C92469E824008D1AA1 /* Frameworks */ = {
			isa = PBXFrameworksBuildPhase;
			buildActionMask = 2147483647;
			files = (
				BFC7F5E72469E87C008D1AA1 /* CloudKit.framework in Frameworks */,
			);
			runOnlyForDeploymentPostprocessing = 0;
		};
/* End PBXFrameworksBuildPhase section */

/* Begin PBXGroup section */
		BFC7F5C32469E824008D1AA1 = {
			isa = PBXGroup;
			children = (
				BFC7F5CE2469E824008D1AA1 /* Journal - CloudKit */,
				BFC7F5CD2469E824008D1AA1 /* Products */,
				BFC7F5E52469E87C008D1AA1 /* Frameworks */,
			);
			sourceTree = "<group>";
		};
		BFC7F5CD2469E824008D1AA1 /* Products */ = {
			isa = PBXGroup;
			children = (
				BFC7F5CC2469E824008D1AA1 /* Journal - CloudKit.app */,
			);
			name = Products;
			sourceTree = "<group>";
		};
		BFC7F5CE2469E824008D1AA1 /* Journal - CloudKit */ = {
			isa = PBXGroup;
			children = (
				BFC7F5E42469E876008D1AA1 /* Journal - CloudKit.entitlements */,
				BFC7F5EA2469E9D3008D1AA1 /* Models */,
				BFC7F5E92469E9CC008D1AA1 /* Views */,
				BFC7F5E82469E9C3008D1AA1 /* Controllers */,
				BFC7F5F12469F310008D1AA1 /* Helpers + Extensions */,
				BFC7F5E32469E85D008D1AA1 /* Resources */,
			);
			path = "Journal - CloudKit";
			sourceTree = "<group>";
		};
		BFC7F5E32469E85D008D1AA1 /* Resources */ = {
			isa = PBXGroup;
			children = (
				BFC7F5CF2469E824008D1AA1 /* AppDelegate.swift */,
				BFC7F5D12469E824008D1AA1 /* SceneDelegate.swift */,
				BFC7F5D82469E825008D1AA1 /* Assets.xcassets */,
				BFC7F5DA2469E825008D1AA1 /* LaunchScreen.storyboard */,
				BFC7F5DD2469E825008D1AA1 /* Info.plist */,
			);
			path = Resources;
			sourceTree = "<group>";
		};
		BFC7F5E52469E87C008D1AA1 /* Frameworks */ = {
			isa = PBXGroup;
			children = (
				BFC7F5E62469E87C008D1AA1 /* CloudKit.framework */,
			);
			name = Frameworks;
			sourceTree = "<group>";
		};
		BFC7F5E82469E9C3008D1AA1 /* Controllers */ = {
			isa = PBXGroup;
			children = (
				BFC7F5EC2469E9E5008D1AA1 /* Model Controllers */,
				BFC7F5EB2469E9D9008D1AA1 /* View Controllers */,
			);
			path = Controllers;
			sourceTree = "<group>";
		};
		BFC7F5E92469E9CC008D1AA1 /* Views */ = {
			isa = PBXGroup;
			children = (
				BFC7F5D52469E824008D1AA1 /* Main.storyboard */,
			);
			path = Views;
			sourceTree = "<group>";
		};
		BFC7F5EA2469E9D3008D1AA1 /* Models */ = {
			isa = PBXGroup;
			children = (
				BFC7F5ED2469EA20008D1AA1 /* Entry.swift */,
			);
			path = Models;
			sourceTree = "<group>";
		};
		BFC7F5EB2469E9D9008D1AA1 /* View Controllers */ = {
			isa = PBXGroup;
			children = (
				BFC7F5F4246A06BE008D1AA1 /* EntryListTableViewController.swift */,
				BFC7F5F8246A0EC8008D1AA1 /* EntryDetailViewController.swift */,
			);
			path = "View Controllers";
			sourceTree = "<group>";
		};
		BFC7F5EC2469E9E5008D1AA1 /* Model Controllers */ = {
			isa = PBXGroup;
			children = (
				BFC7F5EF2469F0DF008D1AA1 /* EntryController.swift */,
			);
			path = "Model Controllers";
			sourceTree = "<group>";
		};
		BFC7F5F12469F310008D1AA1 /* Helpers + Extensions */ = {
			isa = PBXGroup;
			children = (
				BFC7F5F22469F33F008D1AA1 /* EntryError.swift */,
				BFC7F5F6246A0A34008D1AA1 /* DateExtension.swift */,
			);
			path = "Helpers + Extensions";
			sourceTree = "<group>";
		};
/* End PBXGroup section */

/* Begin PBXNativeTarget section */
		BFC7F5CB2469E824008D1AA1 /* Journal - CloudKit */ = {
			isa = PBXNativeTarget;
			buildConfigurationList = BFC7F5E02469E825008D1AA1 /* Build configuration list for PBXNativeTarget "Journal - CloudKit" */;
			buildPhases = (
				BFC7F5C82469E824008D1AA1 /* Sources */,
				BFC7F5C92469E824008D1AA1 /* Frameworks */,
				BFC7F5CA2469E824008D1AA1 /* Resources */,
			);
			buildRules = (
			);
			dependencies = (
			);
			name = "Journal - CloudKit";
			productName = "Journal - CloudKit";
			productReference = BFC7F5CC2469E824008D1AA1 /* Journal - CloudKit.app */;
			productType = "com.apple.product-type.application";
		};
/* End PBXNativeTarget section */

/* Begin PBXProject section */
		BFC7F5C42469E824008D1AA1 /* Project object */ = {
			isa = PBXProject;
			attributes = {
				LastSwiftUpdateCheck = 1140;
				LastUpgradeCheck = 1140;
				ORGANIZATIONNAME = Jimmy;
				TargetAttributes = {
					BFC7F5CB2469E824008D1AA1 = {
						CreatedOnToolsVersion = 11.4.1;
					};
				};
			};
			buildConfigurationList = BFC7F5C72469E824008D1AA1 /* Build configuration list for PBXProject "Journal - CloudKit" */;
			compatibilityVersion = "Xcode 9.3";
			developmentRegion = en;
			hasScannedForEncodings = 0;
			knownRegions = (
				en,
				Base,
			);
			mainGroup = BFC7F5C32469E824008D1AA1;
			productRefGroup = BFC7F5CD2469E824008D1AA1 /* Products */;
			projectDirPath = "";
			projectRoot = "";
			targets = (
				BFC7F5CB2469E824008D1AA1 /* Journal - CloudKit */,
			);
		};
/* End PBXProject section */

/* Begin PBXResourcesBuildPhase section */
		BFC7F5CA2469E824008D1AA1 /* Resources */ = {
			isa = PBXResourcesBuildPhase;
			buildActionMask = 2147483647;
			files = (
				BFC7F5DC2469E825008D1AA1 /* LaunchScreen.storyboard in Resources */,
				BFC7F5D92469E825008D1AA1 /* Assets.xcassets in Resources */,
				BFC7F5D72469E824008D1AA1 /* Main.storyboard in Resources */,
			);
			runOnlyForDeploymentPostprocessing = 0;
		};
/* End PBXResourcesBuildPhase section */

/* Begin PBXSourcesBuildPhase section */
		BFC7F5C82469E824008D1AA1 /* Sources */ = {
			isa = PBXSourcesBuildPhase;
			buildActionMask = 2147483647;
			files = (
				BFC7F5EE2469EA20008D1AA1 /* Entry.swift in Sources */,
				BFC7F5F7246A0A34008D1AA1 /* DateExtension.swift in Sources */,
				BFC7F5F32469F33F008D1AA1 /* EntryError.swift in Sources */,
				BFC7F5F5246A06BE008D1AA1 /* EntryListTableViewController.swift in Sources */,
				BFC7F5D02469E824008D1AA1 /* AppDelegate.swift in Sources */,
				BFC7F5F02469F0DF008D1AA1 /* EntryController.swift in Sources */,
				BFC7F5F9246A0EC8008D1AA1 /* EntryDetailViewController.swift in Sources */,
				BFC7F5D22469E824008D1AA1 /* SceneDelegate.swift in Sources */,
			);
			runOnlyForDeploymentPostprocessing = 0;
		};
/* End PBXSourcesBuildPhase section */

/* Begin PBXVariantGroup section */
		BFC7F5D52469E824008D1AA1 /* Main.storyboard */ = {
			isa = PBXVariantGroup;
			children = (
				BFC7F5D62469E824008D1AA1 /* Base */,
			);
			name = Main.storyboard;
			sourceTree = "<group>";
		};
		BFC7F5DA2469E825008D1AA1 /* LaunchScreen.storyboard */ = {
			isa = PBXVariantGroup;
			children = (
				BFC7F5DB2469E825008D1AA1 /* Base */,
			);
			name = LaunchScreen.storyboard;
			sourceTree = "<group>";
		};
/* End PBXVariantGroup section */

/* Begin XCBuildConfiguration section */
		BFC7F5DE2469E825008D1AA1 /* Debug */ = {
			isa = XCBuildConfiguration;
			buildSettings = {
				ALWAYS_SEARCH_USER_PATHS = NO;
				CLANG_ANALYZER_NONNULL = YES;
				CLANG_ANALYZER_NUMBER_OBJECT_CONVERSION = YES_AGGRESSIVE;
				CLANG_CXX_LANGUAGE_STANDARD = "gnu++14";
				CLANG_CXX_LIBRARY = "libc++";
				CLANG_ENABLE_MODULES = YES;
				CLANG_ENABLE_OBJC_ARC = YES;
				CLANG_ENABLE_OBJC_WEAK = YES;
				CLANG_WARN_BLOCK_CAPTURE_AUTORELEASING = YES;
				CLANG_WARN_BOOL_CONVERSION = YES;
				CLANG_WARN_COMMA = YES;
				CLANG_WARN_CONSTANT_CONVERSION = YES;
				CLANG_WARN_DEPRECATED_OBJC_IMPLEMENTATIONS = YES;
				CLANG_WARN_DIRECT_OBJC_ISA_USAGE = YES_ERROR;
				CLANG_WARN_DOCUMENTATION_COMMENTS = YES;
				CLANG_WARN_EMPTY_BODY = YES;
				CLANG_WARN_ENUM_CONVERSION = YES;
				CLANG_WARN_INFINITE_RECURSION = YES;
				CLANG_WARN_INT_CONVERSION = YES;
				CLANG_WARN_NON_LITERAL_NULL_CONVERSION = YES;
				CLANG_WARN_OBJC_IMPLICIT_RETAIN_SELF = YES;
				CLANG_WARN_OBJC_LITERAL_CONVERSION = YES;
				CLANG_WARN_OBJC_ROOT_CLASS = YES_ERROR;
				CLANG_WARN_RANGE_LOOP_ANALYSIS = YES;
				CLANG_WARN_STRICT_PROTOTYPES = YES;
				CLANG_WARN_SUSPICIOUS_MOVE = YES;
				CLANG_WARN_UNGUARDED_AVAILABILITY = YES_AGGRESSIVE;
				CLANG_WARN_UNREACHABLE_CODE = YES;
				CLANG_WARN__DUPLICATE_METHOD_MATCH = YES;
				COPY_PHASE_STRIP = NO;
				DEBUG_INFORMATION_FORMAT = dwarf;
				ENABLE_STRICT_OBJC_MSGSEND = YES;
				ENABLE_TESTABILITY = YES;
				GCC_C_LANGUAGE_STANDARD = gnu11;
				GCC_DYNAMIC_NO_PIC = NO;
				GCC_NO_COMMON_BLOCKS = YES;
				GCC_OPTIMIZATION_LEVEL = 0;
				GCC_PREPROCESSOR_DEFINITIONS = (
					"DEBUG=1",
					"$(inherited)",
				);
				GCC_WARN_64_TO_32_BIT_CONVERSION = YES;
				GCC_WARN_ABOUT_RETURN_TYPE = YES_ERROR;
				GCC_WARN_UNDECLARED_SELECTOR = YES;
				GCC_WARN_UNINITIALIZED_AUTOS = YES_AGGRESSIVE;
				GCC_WARN_UNUSED_FUNCTION = YES;
				GCC_WARN_UNUSED_VARIABLE = YES;
				IPHONEOS_DEPLOYMENT_TARGET = 13.4;
				MTL_ENABLE_DEBUG_INFO = INCLUDE_SOURCE;
				MTL_FAST_MATH = YES;
				ONLY_ACTIVE_ARCH = YES;
				SDKROOT = iphoneos;
				SWIFT_ACTIVE_COMPILATION_CONDITIONS = DEBUG;
				SWIFT_OPTIMIZATION_LEVEL = "-Onone";
			};
			name = Debug;
		};
		BFC7F5DF2469E825008D1AA1 /* Release */ = {
			isa = XCBuildConfiguration;
			buildSettings = {
				ALWAYS_SEARCH_USER_PATHS = NO;
				CLANG_ANALYZER_NONNULL = YES;
				CLANG_ANALYZER_NUMBER_OBJECT_CONVERSION = YES_AGGRESSIVE;
				CLANG_CXX_LANGUAGE_STANDARD = "gnu++14";
				CLANG_CXX_LIBRARY = "libc++";
				CLANG_ENABLE_MODULES = YES;
				CLANG_ENABLE_OBJC_ARC = YES;
				CLANG_ENABLE_OBJC_WEAK = YES;
				CLANG_WARN_BLOCK_CAPTURE_AUTORELEASING = YES;
				CLANG_WARN_BOOL_CONVERSION = YES;
				CLANG_WARN_COMMA = YES;
				CLANG_WARN_CONSTANT_CONVERSION = YES;
				CLANG_WARN_DEPRECATED_OBJC_IMPLEMENTATIONS = YES;
				CLANG_WARN_DIRECT_OBJC_ISA_USAGE = YES_ERROR;
				CLANG_WARN_DOCUMENTATION_COMMENTS = YES;
				CLANG_WARN_EMPTY_BODY = YES;
				CLANG_WARN_ENUM_CONVERSION = YES;
				CLANG_WARN_INFINITE_RECURSION = YES;
				CLANG_WARN_INT_CONVERSION = YES;
				CLANG_WARN_NON_LITERAL_NULL_CONVERSION = YES;
				CLANG_WARN_OBJC_IMPLICIT_RETAIN_SELF = YES;
				CLANG_WARN_OBJC_LITERAL_CONVERSION = YES;
				CLANG_WARN_OBJC_ROOT_CLASS = YES_ERROR;
				CLANG_WARN_RANGE_LOOP_ANALYSIS = YES;
				CLANG_WARN_STRICT_PROTOTYPES = YES;
				CLANG_WARN_SUSPICIOUS_MOVE = YES;
				CLANG_WARN_UNGUARDED_AVAILABILITY = YES_AGGRESSIVE;
				CLANG_WARN_UNREACHABLE_CODE = YES;
				CLANG_WARN__DUPLICATE_METHOD_MATCH = YES;
				COPY_PHASE_STRIP = NO;
				DEBUG_INFORMATION_FORMAT = "dwarf-with-dsym";
				ENABLE_NS_ASSERTIONS = NO;
				ENABLE_STRICT_OBJC_MSGSEND = YES;
				GCC_C_LANGUAGE_STANDARD = gnu11;
				GCC_NO_COMMON_BLOCKS = YES;
				GCC_WARN_64_TO_32_BIT_CONVERSION = YES;
				GCC_WARN_ABOUT_RETURN_TYPE = YES_ERROR;
				GCC_WARN_UNDECLARED_SELECTOR = YES;
				GCC_WARN_UNINITIALIZED_AUTOS = YES_AGGRESSIVE;
				GCC_WARN_UNUSED_FUNCTION = YES;
				GCC_WARN_UNUSED_VARIABLE = YES;
				IPHONEOS_DEPLOYMENT_TARGET = 13.4;
				MTL_ENABLE_DEBUG_INFO = NO;
				MTL_FAST_MATH = YES;
				SDKROOT = iphoneos;
				SWIFT_COMPILATION_MODE = wholemodule;
				SWIFT_OPTIMIZATION_LEVEL = "-O";
				VALIDATE_PRODUCT = YES;
			};
			name = Release;
		};
		BFC7F5E12469E825008D1AA1 /* Debug */ = {
			isa = XCBuildConfiguration;
			buildSettings = {
				ASSETCATALOG_COMPILER_APPICON_NAME = AppIcon;
				CODE_SIGN_ENTITLEMENTS = "Journal - CloudKit/Journal - CloudKit.entitlements";
				CODE_SIGN_STYLE = Automatic;
				DEVELOPMENT_TEAM = 22HUHPT9D9;
				INFOPLIST_FILE = "Journal - CloudKit/Resources/Info.plist";
				LD_RUNPATH_SEARCH_PATHS = (
					"$(inherited)",
					"@executable_path/Frameworks",
				);
				PRODUCT_BUNDLE_IDENTIFIER = "dev.jimmybrown.Journal---CloudKit";
				PRODUCT_NAME = "$(TARGET_NAME)";
				SWIFT_VERSION = 5.0;
				TARGETED_DEVICE_FAMILY = "1,2";
			};
			name = Debug;
		};
		BFC7F5E22469E825008D1AA1 /* Release */ = {
			isa = XCBuildConfiguration;
			buildSettings = {
				ASSETCATALOG_COMPILER_APPICON_NAME = AppIcon;
				CODE_SIGN_ENTITLEMENTS = "Journal - CloudKit/Journal - CloudKit.entitlements";
				CODE_SIGN_STYLE = Automatic;
				DEVELOPMENT_TEAM = 22HUHPT9D9;
				INFOPLIST_FILE = "Journal - CloudKit/Resources/Info.plist";
				LD_RUNPATH_SEARCH_PATHS = (
					"$(inherited)",
					"@executable_path/Frameworks",
				);
				PRODUCT_BUNDLE_IDENTIFIER = "dev.jimmybrown.Journal---CloudKit";
				PRODUCT_NAME = "$(TARGET_NAME)";
				SWIFT_VERSION = 5.0;
				TARGETED_DEVICE_FAMILY = "1,2";
			};
			name = Release;
		};
/* End XCBuildConfiguration section */

/* Begin XCConfigurationList section */
		BFC7F5C72469E824008D1AA1 /* Build configuration list for PBXProject "Journal - CloudKit" */ = {
			isa = XCConfigurationList;
			buildConfigurations = (
				BFC7F5DE2469E825008D1AA1 /* Debug */,
				BFC7F5DF2469E825008D1AA1 /* Release */,
			);
			defaultConfigurationIsVisible = 0;
			defaultConfigurationName = Release;
		};
		BFC7F5E02469E825008D1AA1 /* Build configuration list for PBXNativeTarget "Journal - CloudKit" */ = {
			isa = XCConfigurationList;
			buildConfigurations = (
				BFC7F5E12469E825008D1AA1 /* Debug */,
				BFC7F5E22469E825008D1AA1 /* Release */,
			);
			defaultConfigurationIsVisible = 0;
			defaultConfigurationName = Release;
		};
/* End XCConfigurationList section */
	};
	rootObject = BFC7F5C42469E824008D1AA1 /* Project object */;
}
